
Microsoft Visual Studio Solution File, Format Version 12.00
# Visual Studio Version 16
VisualStudioVersion = 16.0.30621.155
MinimumVisualStudioVersion = 10.0.40219.1
Project("{888888A0-9F3D-457C-B088-3A5042F75D52}") = "vscode", "vscode\vscode.pyproj", "{88BB2B28-732C-4304-9B63-F065FC44CB42}"
EndProject
Global
	GlobalSection(SolutionConfigurationPlatforms) = preSolution
		Debug|Any CPU = Debug|Any CPU
		Release|Any CPU = Release|Any CPU
	EndGlobalSection
	GlobalSection(ProjectConfigurationPlatforms) = postSolution
		{88BB2B28-732C-4304-9B63-F065FC44CB42}.Debug|Any CPU.ActiveCfg = Debug|Any CPU
		{88BB2B28-732C-4304-9B63-F065FC44CB42}.Release|Any CPU.ActiveCfg = Release|Any CPU
	EndGlobalSection
	GlobalSection(SolutionProperties) = preSolution
		HideSolutionNode = FALSE
	EndGlobalSection
	GlobalSection(ExtensibilityGlobals) = postSolution
		SolutionGuid = {78F5AC51-6628-48AC-AD71-49BCCE3FBE54}
	EndGlobalSection
EndGlobal
