{
  "name": "Music_party_app",
  "lockfileVersion": 2,
  "requires": true,
  "packages": {
    "": {
      "dependencies": {
        "browser-router": "^0.2.0",
        "routes-js": "^0.1.8",
        "switch-js": "^0.0.8"
      }
    },
    "node_modules/browser-router": {
      "version": "0.2.0",
      "resolved": "https://registry.npmjs.org/browser-router/-/browser-router-0.2.0.tgz",
      "integrity": "sha1-2ciyZdFN9IiHxLXAv5KUs1t5Fa8=",
      "dependencies": {
        "query-string": "~0.1.1",
        "underscore": "~1.5.2"
      }
    },
    "node_modules/chip-utils": {
      "version": "0.2.1",
      "resolved": "https://registry.npmjs.org/chip-utils/-/chip-utils-0.2.1.tgz",
      "integrity": "sha1-3A7uEzVtF4MaqaAJ0RMC9wlEm60="
    },
    "node_modules/lodash": {
      "version": "4.17.21",
      "resolved": "https://registry.npmjs.org/lodash/-/lodash-4.17.21.tgz",
      "integrity": "sha512-v2kDEe57lecTulaDIuNTPy3Ry4gLGJ6Z1O3vE1krgXZNrsQ+LFTGHVxVjcXPs17LhbZVGedAJv8XZ1tvj5FvSg=="
    },
    "node_modules/query-string": {
      "version": "0.1.1",
      "resolved": "https://registry.npmjs.org/query-string/-/query-string-0.1.1.tgz",
      "integrity": "sha1-KbCyEtyN93ghQ0N+EfiGULB/jQc=",
      "engines": {
        "node": ">=0.8.0"
      }
    },
    "node_modules/routes-js": {
      "version": "0.1.8",
      "resolved": "https://registry.npmjs.org/routes-js/-/routes-js-0.1.8.tgz",
      "integrity": "sha1-RVoPDjIYSVndnA/1d5v7BztXXPI=",
      "dependencies": {
        "chip-utils": "0.2.1"
      }
    },
    "node_modules/switch-js": {
      "version": "0.0.8",
      "resolved": "https://registry.npmjs.org/switch-js/-/switch-js-0.0.8.tgz",
      "integrity": "sha512-kS9Hmf5zp6S6m1QLOQz2lf/81A8UhKg5Irrl2/FSaDlVQ7H74VkoQWF2mmLkeSsyd5+ReRX9sfQ+Z1HJ/K0OBg==",
      "dependencies": {
        "lodash": "^4.17.4"
      }
    },
    "node_modules/underscore": {
      "version": "1.5.2",
      "resolved": "https://registry.npmjs.org/underscore/-/underscore-1.5.2.tgz",
      "integrity": "sha1-EzXF5PXm0zu7SwBrqMhqAPVW3gg="
    }
  },
  "dependencies": {
    "browser-router": {
      "version": "0.2.0",
      "resolved": "https://registry.npmjs.org/browser-router/-/browser-router-0.2.0.tgz",
      "integrity": "sha1-2ciyZdFN9IiHxLXAv5KUs1t5Fa8=",
      "requires": {
        "query-string": "~0.1.1",
        "underscore": "~1.5.2"
      }
    },
    "chip-utils": {
      "version": "0.2.1",
      "resolved": "https://registry.npmjs.org/chip-utils/-/chip-utils-0.2.1.tgz",
      "integrity": "sha1-3A7uEzVtF4MaqaAJ0RMC9wlEm60="
    },
    "lodash": {
      "version": "4.17.21",
      "resolved": "https://registry.npmjs.org/lodash/-/lodash-4.17.21.tgz",
      "integrity": "sha512-v2kDEe57lecTulaDIuNTPy3Ry4gLGJ6Z1O3vE1krgXZNrsQ+LFTGHVxVjcXPs17LhbZVGedAJv8XZ1tvj5FvSg=="
    },
    "query-string": {
      "version": "0.1.1",
      "resolved": "https://registry.npmjs.org/query-string/-/query-string-0.1.1.tgz",
      "integrity": "sha1-KbCyEtyN93ghQ0N+EfiGULB/jQc="
    },
    "routes-js": {
      "version": "0.1.8",
      "resolved": "https://registry.npmjs.org/routes-js/-/routes-js-0.1.8.tgz",
      "integrity": "sha1-RVoPDjIYSVndnA/1d5v7BztXXPI=",
      "requires": {
        "chip-utils": "0.2.1"
      }
    },
    "switch-js": {
      "version": "0.0.8",
      "resolved": "https://registry.npmjs.org/switch-js/-/switch-js-0.0.8.tgz",
      "integrity": "sha512-kS9Hmf5zp6S6m1QLOQz2lf/81A8UhKg5Irrl2/FSaDlVQ7H74VkoQWF2mmLkeSsyd5+ReRX9sfQ+Z1HJ/K0OBg==",
      "requires": {
        "lodash": "^4.17.4"
      }
    },
    "underscore": {
      "version": "1.5.2",
      "resolved": "https://registry.npmjs.org/underscore/-/underscore-1.5.2.tgz",
      "integrity": "sha1-EzXF5PXm0zu7SwBrqMhqAPVW3gg="
    }
  }
}
